// !$*UTF8*$!
{
	archiveVersion = 1;
	classes = {
	};
	objectVersion = 55;
	objects = {

/* Begin PBXBuildFile section */
		1419A233288BD32C0002A83A /* Silom.ttf in Resources */ = {isa = PBXBuildFile; fileRef = 1419A232288BD32C0002A83A /* Silom.ttf */; };
		1419A23B288BD6860002A83A /* OnboardingViewFirst.swift in Sources */ = {isa = PBXBuildFile; fileRef = 1419A23A288BD6860002A83A /* OnboardingViewFirst.swift */; };
		1419A23D288BD6A00002A83A /* MainView.swift in Sources */ = {isa = PBXBuildFile; fileRef = 1419A23C288BD6A00002A83A /* MainView.swift */; };
		1419A243288BE8BA0002A83A /* CustomProgressStyle.swift in Sources */ = {isa = PBXBuildFile; fileRef = 1419A242288BE8BA0002A83A /* CustomProgressStyle.swift */; };
		1419A24F288C0F470002A83A /* MainMenu.swift in Sources */ = {isa = PBXBuildFile; fileRef = 1419A24E288C0F470002A83A /* MainMenu.swift */; };
		1419A252288C0F630002A83A /* GlossaryView.swift in Sources */ = {isa = PBXBuildFile; fileRef = 1419A251288C0F630002A83A /* GlossaryView.swift */; };
		1419A254288C0F6F0002A83A /* ProfileView.swift in Sources */ = {isa = PBXBuildFile; fileRef = 1419A253288C0F6F0002A83A /* ProfileView.swift */; };
		1419A256288C1AC60002A83A /* GlossaryCardView.swift in Sources */ = {isa = PBXBuildFile; fileRef = 1419A255288C1AC60002A83A /* GlossaryCardView.swift */; };
		1419A258288C1B060002A83A /* LockedCardView.swift in Sources */ = {isa = PBXBuildFile; fileRef = 1419A257288C1B060002A83A /* LockedCardView.swift */; };
		1419A25B288C1EBD0002A83A /* EditProfileView.swift in Sources */ = {isa = PBXBuildFile; fileRef = 1419A25A288C1EBD0002A83A /* EditProfileView.swift */; };
		1419A25D288C2D6D0002A83A /* CircularProgressBar.swift in Sources */ = {isa = PBXBuildFile; fileRef = 1419A25C288C2D6D0002A83A /* CircularProgressBar.swift */; };
		1419A25F288C2F810002A83A /* LevelSelectView.swift in Sources */ = {isa = PBXBuildFile; fileRef = 1419A25E288C2F810002A83A /* LevelSelectView.swift */; };
		1419A265288C30930002A83A /* LevelView.swift in Sources */ = {isa = PBXBuildFile; fileRef = 1419A264288C30930002A83A /* LevelView.swift */; };
		1419A267288C314E0002A83A /* LockedLevelView.swift in Sources */ = {isa = PBXBuildFile; fileRef = 1419A266288C314E0002A83A /* LockedLevelView.swift */; };
		1419A269288C355D0002A83A /* ReadGlossary.swift in Sources */ = {isa = PBXBuildFile; fileRef = 1419A268288C355D0002A83A /* ReadGlossary.swift */; };
		1424E15E2890F501000D42DF /* CollissionHelper.swift in Sources */ = {isa = PBXBuildFile; fileRef = 1424E15D2890F501000D42DF /* CollissionHelper.swift */; };
		1424E165289112AB000D42DF /* Gameplay.swift in Sources */ = {isa = PBXBuildFile; fileRef = 1424E164289112AB000D42DF /* Gameplay.swift */; };
		1424E167289112BD000D42DF /* Achievement.swift in Sources */ = {isa = PBXBuildFile; fileRef = 1424E166289112BD000D42DF /* Achievement.swift */; };
		149614CE288AA68A003E7396 /* CodeEdenApp.swift in Sources */ = {isa = PBXBuildFile; fileRef = 149614CD288AA68A003E7396 /* CodeEdenApp.swift */; };
		149614D0288AA68A003E7396 /* ContentView.swift in Sources */ = {isa = PBXBuildFile; fileRef = 149614CF288AA68A003E7396 /* ContentView.swift */; };
		149614D2288AA68B003E7396 /* Assets.xcassets in Resources */ = {isa = PBXBuildFile; fileRef = 149614D1288AA68B003E7396 /* Assets.xcassets */; };
		149614D5288AA68B003E7396 /* Preview Assets.xcassets in Resources */ = {isa = PBXBuildFile; fileRef = 149614D4288AA68B003E7396 /* Preview Assets.xcassets */; };
		149614E1288AAA11003E7396 /* Art.scnassets in Resources */ = {isa = PBXBuildFile; fileRef = 149614E0288AAA11003E7396 /* Art.scnassets */; };
		14E0F6AC2890C48F00DCFFFA /* GameLogicHelper.swift in Sources */ = {isa = PBXBuildFile; fileRef = 14E0F6AB2890C48F00DCFFFA /* GameLogicHelper.swift */; };
		14EC61AB288FAC81001EA2FD /* Level1.swift in Sources */ = {isa = PBXBuildFile; fileRef = 14EC61AA288FAC81001EA2FD /* Level1.swift */; };
		14EC61AD288FBDD9001EA2FD /* GamePlayState.swift in Sources */ = {isa = PBXBuildFile; fileRef = 14EC61AC288FBDD9001EA2FD /* GamePlayState.swift */; };
		14EC61AF288FC044001EA2FD /* Level2.swift in Sources */ = {isa = PBXBuildFile; fileRef = 14EC61AE288FC044001EA2FD /* Level2.swift */; };
		14EC61B1288FC04B001EA2FD /* Level3.swift in Sources */ = {isa = PBXBuildFile; fileRef = 14EC61B0288FC04B001EA2FD /* Level3.swift */; };
		14EC61B3288FC055001EA2FD /* Level4.swift in Sources */ = {isa = PBXBuildFile; fileRef = 14EC61B2288FC055001EA2FD /* Level4.swift */; };
/* End PBXBuildFile section */

/* Begin PBXFileReference section */
		1419A22E288BCADC0002A83A /* Info.plist */ = {isa = PBXFileReference; lastKnownFileType = text.plist; path = Info.plist; sourceTree = "<group>"; };
		1419A232288BD32C0002A83A /* Silom.ttf */ = {isa = PBXFileReference; lastKnownFileType = file; path = Silom.ttf; sourceTree = "<group>"; };
		1419A23A288BD6860002A83A /* OnboardingViewFirst.swift */ = {isa = PBXFileReference; lastKnownFileType = sourcecode.swift; path = OnboardingViewFirst.swift; sourceTree = "<group>"; };
		1419A23C288BD6A00002A83A /* MainView.swift */ = {isa = PBXFileReference; lastKnownFileType = sourcecode.swift; path = MainView.swift; sourceTree = "<group>"; };
		1419A242288BE8BA0002A83A /* CustomProgressStyle.swift */ = {isa = PBXFileReference; lastKnownFileType = sourcecode.swift; path = CustomProgressStyle.swift; sourceTree = "<group>"; };
		1419A24E288C0F470002A83A /* MainMenu.swift */ = {isa = PBXFileReference; lastKnownFileType = sourcecode.swift; path = MainMenu.swift; sourceTree = "<group>"; };
		1419A251288C0F630002A83A /* GlossaryView.swift */ = {isa = PBXFileReference; lastKnownFileType = sourcecode.swift; path = GlossaryView.swift; sourceTree = "<group>"; };
		1419A253288C0F6F0002A83A /* ProfileView.swift */ = {isa = PBXFileReference; lastKnownFileType = sourcecode.swift; path = ProfileView.swift; sourceTree = "<group>"; };
		1419A255288C1AC60002A83A /* GlossaryCardView.swift */ = {isa = PBXFileReference; lastKnownFileType = sourcecode.swift; path = GlossaryCardView.swift; sourceTree = "<group>"; };
		1419A257288C1B060002A83A /* LockedCardView.swift */ = {isa = PBXFileReference; lastKnownFileType = sourcecode.swift; path = LockedCardView.swift; sourceTree = "<group>"; };
		1419A25A288C1EBD0002A83A /* EditProfileView.swift */ = {isa = PBXFileReference; lastKnownFileType = sourcecode.swift; path = EditProfileView.swift; sourceTree = "<group>"; };
		1419A25C288C2D6D0002A83A /* CircularProgressBar.swift */ = {isa = PBXFileReference; lastKnownFileType = sourcecode.swift; path = CircularProgressBar.swift; sourceTree = "<group>"; };
		1419A25E288C2F810002A83A /* LevelSelectView.swift */ = {isa = PBXFileReference; lastKnownFileType = sourcecode.swift; path = LevelSelectView.swift; sourceTree = "<group>"; };
		1419A264288C30930002A83A /* LevelView.swift */ = {isa = PBXFileReference; lastKnownFileType = sourcecode.swift; path = LevelView.swift; sourceTree = "<group>"; };
		1419A266288C314E0002A83A /* LockedLevelView.swift */ = {isa = PBXFileReference; lastKnownFileType = sourcecode.swift; path = LockedLevelView.swift; sourceTree = "<group>"; };
		1419A268288C355D0002A83A /* ReadGlossary.swift */ = {isa = PBXFileReference; lastKnownFileType = sourcecode.swift; path = ReadGlossary.swift; sourceTree = "<group>"; };
		1424E15D2890F501000D42DF /* CollissionHelper.swift */ = {isa = PBXFileReference; lastKnownFileType = sourcecode.swift; path = CollissionHelper.swift; sourceTree = "<group>"; };
		1424E164289112AB000D42DF /* Gameplay.swift */ = {isa = PBXFileReference; lastKnownFileType = sourcecode.swift; path = Gameplay.swift; sourceTree = "<group>"; };
		1424E166289112BD000D42DF /* Achievement.swift */ = {isa = PBXFileReference; lastKnownFileType = sourcecode.swift; path = Achievement.swift; sourceTree = "<group>"; };
		149614CA288AA68A003E7396 /* CodeEden.app */ = {isa = PBXFileReference; explicitFileType = wrapper.application; includeInIndex = 0; path = CodeEden.app; sourceTree = BUILT_PRODUCTS_DIR; };
		149614CD288AA68A003E7396 /* CodeEdenApp.swift */ = {isa = PBXFileReference; lastKnownFileType = sourcecode.swift; path = CodeEdenApp.swift; sourceTree = "<group>"; };
		149614CF288AA68A003E7396 /* ContentView.swift */ = {isa = PBXFileReference; lastKnownFileType = sourcecode.swift; path = ContentView.swift; sourceTree = "<group>"; };
		149614D1288AA68B003E7396 /* Assets.xcassets */ = {isa = PBXFileReference; lastKnownFileType = folder.assetcatalog; path = Assets.xcassets; sourceTree = "<group>"; };
		149614D4288AA68B003E7396 /* Preview Assets.xcassets */ = {isa = PBXFileReference; lastKnownFileType = folder.assetcatalog; path = "Preview Assets.xcassets"; sourceTree = "<group>"; };
		149614E0288AAA11003E7396 /* Art.scnassets */ = {isa = PBXFileReference; lastKnownFileType = wrapper.scnassets; path = Art.scnassets; sourceTree = "<group>"; };
		14E0F6AB2890C48F00DCFFFA /* GameLogicHelper.swift */ = {isa = PBXFileReference; lastKnownFileType = sourcecode.swift; path = GameLogicHelper.swift; sourceTree = "<group>"; };
		14EC61AA288FAC81001EA2FD /* Level1.swift */ = {isa = PBXFileReference; lastKnownFileType = sourcecode.swift; path = Level1.swift; sourceTree = "<group>"; };
		14EC61AC288FBDD9001EA2FD /* GamePlayState.swift */ = {isa = PBXFileReference; lastKnownFileType = sourcecode.swift; path = GamePlayState.swift; sourceTree = "<group>"; };
		14EC61AE288FC044001EA2FD /* Level2.swift */ = {isa = PBXFileReference; lastKnownFileType = sourcecode.swift; path = Level2.swift; sourceTree = "<group>"; };
		14EC61B0288FC04B001EA2FD /* Level3.swift */ = {isa = PBXFileReference; lastKnownFileType = sourcecode.swift; path = Level3.swift; sourceTree = "<group>"; };
		14EC61B2288FC055001EA2FD /* Level4.swift */ = {isa = PBXFileReference; lastKnownFileType = sourcecode.swift; path = Level4.swift; sourceTree = "<group>"; };
		14EC61B5288FF327001EA2FD /* TextToSpeech.swift */ = {isa = PBXFileReference; lastKnownFileType = sourcecode.swift; path = TextToSpeech.swift; sourceTree = "<group>"; };
/* End PBXFileReference section */

/* Begin PBXFrameworksBuildPhase section */
		149614C7288AA68A003E7396 /* Frameworks */ = {
			isa = PBXFrameworksBuildPhase;
			buildActionMask = 2147483647;
			files = (
			);
			runOnlyForDeploymentPostprocessing = 0;
		};
/* End PBXFrameworksBuildPhase section */

/* Begin PBXGroup section */
		1419A22F288BCE910002A83A /* Assets */ = {
			isa = PBXGroup;
			children = (
				1419A241288BE8A40002A83A /* Style */,
				1419A230288BCE9F0002A83A /* Font */,
				149614D1288AA68B003E7396 /* Assets.xcassets */,
				149614E0288AAA11003E7396 /* Art.scnassets */,
			);
			path = Assets;
			sourceTree = "<group>";
		};
		1419A230288BCE9F0002A83A /* Font */ = {
			isa = PBXGroup;
			children = (
				1419A232288BD32C0002A83A /* Silom.ttf */,
			);
			path = Font;
			sourceTree = "<group>";
		};
		1419A234288BD60E0002A83A /* Features */ = {
			isa = PBXGroup;
			children = (
				1419A239288BD65D0002A83A /* Profile */,
				1419A238288BD6570002A83A /* Main Game */,
				1419A237288BD6310002A83A /* Glossary */,
				1419A236288BD6270002A83A /* Onboarding */,
				1419A235288BD61D0002A83A /* Splashscreen */,
			);
			path = Features;
			sourceTree = "<group>";
		};
		1419A235288BD61D0002A83A /* Splashscreen */ = {
			isa = PBXGroup;
			children = (
				1419A23E288BE8440002A83A /* View */,
			);
			path = Splashscreen;
			sourceTree = "<group>";
		};
		1419A236288BD6270002A83A /* Onboarding */ = {
			isa = PBXGroup;
			children = (
				1419A249288BFE160002A83A /* Model */,
				1419A23F288BE84E0002A83A /* View */,
			);
			path = Onboarding;
			sourceTree = "<group>";
		};
		1419A237288BD6310002A83A /* Glossary */ = {
			isa = PBXGroup;
			children = (
				1419A250288C0F4E0002A83A /* View */,
			);
			path = Glossary;
			sourceTree = "<group>";
		};
		1419A238288BD6570002A83A /* Main Game */ = {
			isa = PBXGroup;
			children = (
				1419A24C288C0F2E0002A83A /* View */,
			);
			path = "Main Game";
			sourceTree = "<group>";
		};
		1419A239288BD65D0002A83A /* Profile */ = {
			isa = PBXGroup;
			children = (
				1419A259288C1EB10002A83A /* View */,
			);
			path = Profile;
			sourceTree = "<group>";
		};
		1419A23E288BE8440002A83A /* View */ = {
			isa = PBXGroup;
			children = (
				149614CF288AA68A003E7396 /* ContentView.swift */,
			);
			path = View;
			sourceTree = "<group>";
		};
		1419A23F288BE84E0002A83A /* View */ = {
			isa = PBXGroup;
			children = (
				1419A23A288BD6860002A83A /* OnboardingViewFirst.swift */,
			);
			path = View;
			sourceTree = "<group>";
		};
		1419A241288BE8A40002A83A /* Style */ = {
			isa = PBXGroup;
			children = (
				1419A242288BE8BA0002A83A /* CustomProgressStyle.swift */,
				1419A25C288C2D6D0002A83A /* CircularProgressBar.swift */,
			);
			path = Style;
			sourceTree = "<group>";
		};
		1419A246288BF4250002A83A /* ViewModel */ = {
			isa = PBXGroup;
			children = (
				14EC61AC288FBDD9001EA2FD /* GamePlayState.swift */,
			);
			path = ViewModel;
			sourceTree = "<group>";
		};
		1419A249288BFE160002A83A /* Model */ = {
			isa = PBXGroup;
			children = (
			);
			path = Model;
			sourceTree = "<group>";
		};
		1419A24C288C0F2E0002A83A /* View */ = {
			isa = PBXGroup;
			children = (
				14EC61B6288FF621001EA2FD /* Scene */,
				14EC61A7288F9B42001EA2FD /* Levels */,
				1419A23C288BD6A00002A83A /* MainView.swift */,
				1419A24E288C0F470002A83A /* MainMenu.swift */,
				1419A25E288C2F810002A83A /* LevelSelectView.swift */,
				1419A264288C30930002A83A /* LevelView.swift */,
				1419A266288C314E0002A83A /* LockedLevelView.swift */,
			);
			path = View;
			sourceTree = "<group>";
		};
		1419A250288C0F4E0002A83A /* View */ = {
			isa = PBXGroup;
			children = (
				1419A251288C0F630002A83A /* GlossaryView.swift */,
				1419A255288C1AC60002A83A /* GlossaryCardView.swift */,
				1419A257288C1B060002A83A /* LockedCardView.swift */,
				1419A268288C355D0002A83A /* ReadGlossary.swift */,
			);
			path = View;
			sourceTree = "<group>";
		};
		1419A259288C1EB10002A83A /* View */ = {
			isa = PBXGroup;
			children = (
				1419A253288C0F6F0002A83A /* ProfileView.swift */,
				1419A25A288C1EBD0002A83A /* EditProfileView.swift */,
			);
			path = View;
			sourceTree = "<group>";
		};
		1424E15F28911279000D42DF /* Model */ = {
			isa = PBXGroup;
			children = (
				1424E164289112AB000D42DF /* Gameplay.swift */,
				1424E166289112BD000D42DF /* Achievement.swift */,
			);
			path = Model;
			sourceTree = "<group>";
		};
		149614C1288AA68A003E7396 = {
			isa = PBXGroup;
			children = (
				149614CC288AA68A003E7396 /* CodeEden */,
				149614CB288AA68A003E7396 /* Products */,
			);
			sourceTree = "<group>";
		};
		149614CB288AA68A003E7396 /* Products */ = {
			isa = PBXGroup;
			children = (
				149614CA288AA68A003E7396 /* CodeEden.app */,
			);
			name = Products;
			sourceTree = "<group>";
		};
		149614CC288AA68A003E7396 /* CodeEden */ = {
			isa = PBXGroup;
			children = (
				14E0F6AA2890C47F00DCFFFA /* Helper */,
				1419A22E288BCADC0002A83A /* Info.plist */,
				149614CD288AA68A003E7396 /* CodeEdenApp.swift */,
				1424E15F28911279000D42DF /* Model */,
				1419A234288BD60E0002A83A /* Features */,
				1419A22F288BCE910002A83A /* Assets */,
				14EC61B4288FF327001EA2FD /* TextToSpeech */,
				1419A246288BF4250002A83A /* ViewModel */,
				149614D3288AA68B003E7396 /* Preview Content */,
			);
			path = CodeEden;
			sourceTree = "<group>";
		};
		149614D3288AA68B003E7396 /* Preview Content */ = {
			isa = PBXGroup;
			children = (
				149614D4288AA68B003E7396 /* Preview Assets.xcassets */,
			);
			path = "Preview Content";
			sourceTree = "<group>";
		};
		14E0F6AA2890C47F00DCFFFA /* Helper */ = {
			isa = PBXGroup;
			children = (
				14E0F6AB2890C48F00DCFFFA /* GameLogicHelper.swift */,
				1424E15D2890F501000D42DF /* CollissionHelper.swift */,
			);
			path = Helper;
			sourceTree = "<group>";
		};
		14EC61A7288F9B42001EA2FD /* Levels */ = {
			isa = PBXGroup;
			children = (
				14EC61A8288F9B48001EA2FD /* Chapter 1 */,
				14EC61A9288F9B50001EA2FD /* Chapter 2 */,
			);
			path = Levels;
			sourceTree = "<group>";
		};
		14EC61A8288F9B48001EA2FD /* Chapter 1 */ = {
			isa = PBXGroup;
			children = (
				14EC61AA288FAC81001EA2FD /* Level1.swift */,
				14EC61AE288FC044001EA2FD /* Level2.swift */,
				14EC61B0288FC04B001EA2FD /* Level3.swift */,
				14EC61B2288FC055001EA2FD /* Level4.swift */,
			);
			path = "Chapter 1";
			sourceTree = "<group>";
		};
		14EC61A9288F9B50001EA2FD /* Chapter 2 */ = {
			isa = PBXGroup;
			children = (
			);
			path = "Chapter 2";
			sourceTree = "<group>";
		};
		14EC61B4288FF327001EA2FD /* TextToSpeech */ = {
			isa = PBXGroup;
			children = (
				14EC61B5288FF327001EA2FD /* TextToSpeech.swift */,
			);
			path = TextToSpeech;
			sourceTree = "<group>";
		};
		14EC61B6288FF621001EA2FD /* Scene */ = {
			isa = PBXGroup;
			children = (
			);
			path = Scene;
			sourceTree = "<group>";
		};
/* End PBXGroup section */

/* Begin PBXNativeTarget section */
		149614C9288AA68A003E7396 /* CodeEden */ = {
			isa = PBXNativeTarget;
			buildConfigurationList = 149614DD288AA68B003E7396 /* Build configuration list for PBXNativeTarget "CodeEden" */;
			buildPhases = (
				149614C6288AA68A003E7396 /* Sources */,
				149614C7288AA68A003E7396 /* Frameworks */,
				149614C8288AA68A003E7396 /* Resources */,
			);
			buildRules = (
			);
			dependencies = (
			);
			name = CodeEden;
			productName = CodeEden;
			productReference = 149614CA288AA68A003E7396 /* CodeEden.app */;
			productType = "com.apple.product-type.application";
		};
/* End PBXNativeTarget section */

/* Begin PBXProject section */
		149614C2288AA68A003E7396 /* Project object */ = {
			isa = PBXProject;
			attributes = {
				BuildIndependentTargetsInParallel = 1;
				LastSwiftUpdateCheck = 1340;
				LastUpgradeCheck = 1340;
				TargetAttributes = {
					149614C9288AA68A003E7396 = {
						CreatedOnToolsVersion = 13.4.1;
					};
				};
			};
			buildConfigurationList = 149614C5288AA68A003E7396 /* Build configuration list for PBXProject "CodeEden" */;
			compatibilityVersion = "Xcode 13.0";
			developmentRegion = en;
			hasScannedForEncodings = 0;
			knownRegions = (
				en,
				Base,
			);
			mainGroup = 149614C1288AA68A003E7396;
			productRefGroup = 149614CB288AA68A003E7396 /* Products */;
			projectDirPath = "";
			projectRoot = "";
			targets = (
				149614C9288AA68A003E7396 /* CodeEden */,
			);
		};
/* End PBXProject section */

/* Begin PBXResourcesBuildPhase section */
		149614C8288AA68A003E7396 /* Resources */ = {
			isa = PBXResourcesBuildPhase;
			buildActionMask = 2147483647;
			files = (
				149614D5288AA68B003E7396 /* Preview Assets.xcassets in Resources */,
				1419A233288BD32C0002A83A /* Silom.ttf in Resources */,
				149614D2288AA68B003E7396 /* Assets.xcassets in Resources */,
				149614E1288AAA11003E7396 /* Art.scnassets in Resources */,
			);
			runOnlyForDeploymentPostprocessing = 0;
		};
/* End PBXResourcesBuildPhase section */

/* Begin PBXSourcesBuildPhase section */
		149614C6288AA68A003E7396 /* Sources */ = {
			isa = PBXSourcesBuildPhase;
			buildActionMask = 2147483647;
			files = (
				1419A25B288C1EBD0002A83A /* EditProfileView.swift in Sources */,
				14EC61AB288FAC81001EA2FD /* Level1.swift in Sources */,
				14EC61AD288FBDD9001EA2FD /* GamePlayState.swift in Sources */,
				1419A256288C1AC60002A83A /* GlossaryCardView.swift in Sources */,
				1419A25D288C2D6D0002A83A /* CircularProgressBar.swift in Sources */,
				1424E15E2890F501000D42DF /* CollissionHelper.swift in Sources */,
				1419A23D288BD6A00002A83A /* MainView.swift in Sources */,
				14E0F6AC2890C48F00DCFFFA /* GameLogicHelper.swift in Sources */,
				1424E165289112AB000D42DF /* Gameplay.swift in Sources */,
				1419A25F288C2F810002A83A /* LevelSelectView.swift in Sources */,
				14EC61B3288FC055001EA2FD /* Level4.swift in Sources */,
				14EC61AF288FC044001EA2FD /* Level2.swift in Sources */,
				1419A23B288BD6860002A83A /* OnboardingViewFirst.swift in Sources */,
				1419A265288C30930002A83A /* LevelView.swift in Sources */,
				1419A254288C0F6F0002A83A /* ProfileView.swift in Sources */,
				1419A258288C1B060002A83A /* LockedCardView.swift in Sources */,
				1419A269288C355D0002A83A /* ReadGlossary.swift in Sources */,
				1419A24F288C0F470002A83A /* MainMenu.swift in Sources */,
				1419A252288C0F630002A83A /* GlossaryView.swift in Sources */,
				1419A243288BE8BA0002A83A /* CustomProgressStyle.swift in Sources */,
				1419A267288C314E0002A83A /* LockedLevelView.swift in Sources */,
				14EC61B1288FC04B001EA2FD /* Level3.swift in Sources */,
				149614D0288AA68A003E7396 /* ContentView.swift in Sources */,
				149614CE288AA68A003E7396 /* CodeEdenApp.swift in Sources */,
				1424E167289112BD000D42DF /* Achievement.swift in Sources */,
			);
			runOnlyForDeploymentPostprocessing = 0;
		};
/* End PBXSourcesBuildPhase section */

/* Begin XCBuildConfiguration section */
		149614DB288AA68B003E7396 /* Debug */ = {
			isa = XCBuildConfiguration;
			buildSettings = {
				ALWAYS_SEARCH_USER_PATHS = NO;
				CLANG_ANALYZER_NONNULL = YES;
				CLANG_ANALYZER_NUMBER_OBJECT_CONVERSION = YES_AGGRESSIVE;
				CLANG_CXX_LANGUAGE_STANDARD = "gnu++17";
				CLANG_ENABLE_MODULES = YES;
				CLANG_ENABLE_OBJC_ARC = YES;
				CLANG_ENABLE_OBJC_WEAK = YES;
				CLANG_WARN_BLOCK_CAPTURE_AUTORELEASING = YES;
				CLANG_WARN_BOOL_CONVERSION = YES;
				CLANG_WARN_COMMA = YES;
				CLANG_WARN_CONSTANT_CONVERSION = YES;
				CLANG_WARN_DEPRECATED_OBJC_IMPLEMENTATIONS = YES;
				CLANG_WARN_DIRECT_OBJC_ISA_USAGE = YES_ERROR;
				CLANG_WARN_DOCUMENTATION_COMMENTS = YES;
				CLANG_WARN_EMPTY_BODY = YES;
				CLANG_WARN_ENUM_CONVERSION = YES;
				CLANG_WARN_INFINITE_RECURSION = YES;
				CLANG_WARN_INT_CONVERSION = YES;
				CLANG_WARN_NON_LITERAL_NULL_CONVERSION = YES;
				CLANG_WARN_OBJC_IMPLICIT_RETAIN_SELF = YES;
				CLANG_WARN_OBJC_LITERAL_CONVERSION = YES;
				CLANG_WARN_OBJC_ROOT_CLASS = YES_ERROR;
				CLANG_WARN_QUOTED_INCLUDE_IN_FRAMEWORK_HEADER = YES;
				CLANG_WARN_RANGE_LOOP_ANALYSIS = YES;
				CLANG_WARN_STRICT_PROTOTYPES = YES;
				CLANG_WARN_SUSPICIOUS_MOVE = YES;
				CLANG_WARN_UNGUARDED_AVAILABILITY = YES_AGGRESSIVE;
				CLANG_WARN_UNREACHABLE_CODE = YES;
				CLANG_WARN__DUPLICATE_METHOD_MATCH = YES;
				COPY_PHASE_STRIP = NO;
				DEBUG_INFORMATION_FORMAT = dwarf;
				ENABLE_STRICT_OBJC_MSGSEND = YES;
				ENABLE_TESTABILITY = YES;
				GCC_C_LANGUAGE_STANDARD = gnu11;
				GCC_DYNAMIC_NO_PIC = NO;
				GCC_NO_COMMON_BLOCKS = YES;
				GCC_OPTIMIZATION_LEVEL = 0;
				GCC_PREPROCESSOR_DEFINITIONS = (
					"DEBUG=1",
					"$(inherited)",
				);
				GCC_WARN_64_TO_32_BIT_CONVERSION = YES;
				GCC_WARN_ABOUT_RETURN_TYPE = YES_ERROR;
				GCC_WARN_UNDECLARED_SELECTOR = YES;
				GCC_WARN_UNINITIALIZED_AUTOS = YES_AGGRESSIVE;
				GCC_WARN_UNUSED_FUNCTION = YES;
				GCC_WARN_UNUSED_VARIABLE = YES;
				IPHONEOS_DEPLOYMENT_TARGET = 15.5;
				MTL_ENABLE_DEBUG_INFO = INCLUDE_SOURCE;
				MTL_FAST_MATH = YES;
				ONLY_ACTIVE_ARCH = YES;
				SDKROOT = iphoneos;
				SWIFT_ACTIVE_COMPILATION_CONDITIONS = DEBUG;
				SWIFT_OPTIMIZATION_LEVEL = "-Onone";
			};
			name = Debug;
		};
		149614DC288AA68B003E7396 /* Release */ = {
			isa = XCBuildConfiguration;
			buildSettings = {
				ALWAYS_SEARCH_USER_PATHS = NO;
				CLANG_ANALYZER_NONNULL = YES;
				CLANG_ANALYZER_NUMBER_OBJECT_CONVERSION = YES_AGGRESSIVE;
				CLANG_CXX_LANGUAGE_STANDARD = "gnu++17";
				CLANG_ENABLE_MODULES = YES;
				CLANG_ENABLE_OBJC_ARC = YES;
				CLANG_ENABLE_OBJC_WEAK = YES;
				CLANG_WARN_BLOCK_CAPTURE_AUTORELEASING = YES;
				CLANG_WARN_BOOL_CONVERSION = YES;
				CLANG_WARN_COMMA = YES;
				CLANG_WARN_CONSTANT_CONVERSION = YES;
				CLANG_WARN_DEPRECATED_OBJC_IMPLEMENTATIONS = YES;
				CLANG_WARN_DIRECT_OBJC_ISA_USAGE = YES_ERROR;
				CLANG_WARN_DOCUMENTATION_COMMENTS = YES;
				CLANG_WARN_EMPTY_BODY = YES;
				CLANG_WARN_ENUM_CONVERSION = YES;
				CLANG_WARN_INFINITE_RECURSION = YES;
				CLANG_WARN_INT_CONVERSION = YES;
				CLANG_WARN_NON_LITERAL_NULL_CONVERSION = YES;
				CLANG_WARN_OBJC_IMPLICIT_RETAIN_SELF = YES;
				CLANG_WARN_OBJC_LITERAL_CONVERSION = YES;
				CLANG_WARN_OBJC_ROOT_CLASS = YES_ERROR;
				CLANG_WARN_QUOTED_INCLUDE_IN_FRAMEWORK_HEADER = YES;
				CLANG_WARN_RANGE_LOOP_ANALYSIS = YES;
				CLANG_WARN_STRICT_PROTOTYPES = YES;
				CLANG_WARN_SUSPICIOUS_MOVE = YES;
				CLANG_WARN_UNGUARDED_AVAILABILITY = YES_AGGRESSIVE;
				CLANG_WARN_UNREACHABLE_CODE = YES;
				CLANG_WARN__DUPLICATE_METHOD_MATCH = YES;
				COPY_PHASE_STRIP = NO;
				DEBUG_INFORMATION_FORMAT = "dwarf-with-dsym";
				ENABLE_NS_ASSERTIONS = NO;
				ENABLE_STRICT_OBJC_MSGSEND = YES;
				GCC_C_LANGUAGE_STANDARD = gnu11;
				GCC_NO_COMMON_BLOCKS = YES;
				GCC_WARN_64_TO_32_BIT_CONVERSION = YES;
				GCC_WARN_ABOUT_RETURN_TYPE = YES_ERROR;
				GCC_WARN_UNDECLARED_SELECTOR = YES;
				GCC_WARN_UNINITIALIZED_AUTOS = YES_AGGRESSIVE;
				GCC_WARN_UNUSED_FUNCTION = YES;
				GCC_WARN_UNUSED_VARIABLE = YES;
				IPHONEOS_DEPLOYMENT_TARGET = 15.5;
				MTL_ENABLE_DEBUG_INFO = NO;
				MTL_FAST_MATH = YES;
				SDKROOT = iphoneos;
				SWIFT_COMPILATION_MODE = wholemodule;
				SWIFT_OPTIMIZATION_LEVEL = "-O";
				VALIDATE_PRODUCT = YES;
			};
			name = Release;
		};
		149614DE288AA68B003E7396 /* Debug */ = {
			isa = XCBuildConfiguration;
			buildSettings = {
				ASSETCATALOG_COMPILER_APPICON_NAME = AppIcon;
				ASSETCATALOG_COMPILER_GLOBAL_ACCENT_COLOR_NAME = AccentColor;
				CODE_SIGN_STYLE = Automatic;
				CURRENT_PROJECT_VERSION = 1;
				DEVELOPMENT_ASSET_PATHS = "\"CodeEden/Preview Content\"";
				DEVELOPMENT_TEAM = 4C96B7697Z;
				ENABLE_PREVIEWS = YES;
				GENERATE_INFOPLIST_FILE = YES;
				INFOPLIST_FILE = CodeEden/Info.plist;
				INFOPLIST_KEY_UIApplicationSceneManifest_Generation = YES;
				INFOPLIST_KEY_UIApplicationSupportsIndirectInputEvents = YES;
				INFOPLIST_KEY_UISupportedInterfaceOrientations_iPad = "UIInterfaceOrientationPortrait UIInterfaceOrientationPortraitUpsideDown UIInterfaceOrientationLandscapeLeft UIInterfaceOrientationLandscapeRight";
				INFOPLIST_KEY_UISupportedInterfaceOrientations_iPhone = "UIInterfaceOrientationPortrait UIInterfaceOrientationLandscapeLeft UIInterfaceOrientationLandscapeRight";
				LD_RUNPATH_SEARCH_PATHS = (
					"$(inherited)",
					"@executable_path/Frameworks",
				);
				MARKETING_VERSION = 1.0;
				PRODUCT_BUNDLE_IDENTIFIER = com.ada.CodeEden;
				PRODUCT_NAME = "$(TARGET_NAME)";
				SWIFT_EMIT_LOC_STRINGS = YES;
				SWIFT_VERSION = 5.0;
				TARGETED_DEVICE_FAMILY = "1,2";
			};
			name = Debug;
		};
		149614DF288AA68B003E7396 /* Release */ = {
			isa = XCBuildConfiguration;
			buildSettings = {
				ASSETCATALOG_COMPILER_APPICON_NAME = AppIcon;
				ASSETCATALOG_COMPILER_GLOBAL_ACCENT_COLOR_NAME = AccentColor;
				CODE_SIGN_STYLE = Automatic;
				CURRENT_PROJECT_VERSION = 1;
				DEVELOPMENT_ASSET_PATHS = "\"CodeEden/Preview Content\"";
				DEVELOPMENT_TEAM = 4C96B7697Z;
				ENABLE_PREVIEWS = YES;
				GENERATE_INFOPLIST_FILE = YES;
				INFOPLIST_FILE = CodeEden/Info.plist;
				INFOPLIST_KEY_UIApplicationSceneManifest_Generation = YES;
				INFOPLIST_KEY_UIApplicationSupportsIndirectInputEvents = YES;
				INFOPLIST_KEY_UISupportedInterfaceOrientations_iPad = "UIInterfaceOrientationPortrait UIInterfaceOrientationPortraitUpsideDown UIInterfaceOrientationLandscapeLeft UIInterfaceOrientationLandscapeRight";
				INFOPLIST_KEY_UISupportedInterfaceOrientations_iPhone = "UIInterfaceOrientationPortrait UIInterfaceOrientationLandscapeLeft UIInterfaceOrientationLandscapeRight";
				LD_RUNPATH_SEARCH_PATHS = (
					"$(inherited)",
					"@executable_path/Frameworks",
				);
				MARKETING_VERSION = 1.0;
				PRODUCT_BUNDLE_IDENTIFIER = com.ada.CodeEden;
				PRODUCT_NAME = "$(TARGET_NAME)";
				SWIFT_EMIT_LOC_STRINGS = YES;
				SWIFT_VERSION = 5.0;
				TARGETED_DEVICE_FAMILY = "1,2";
			};
			name = Release;
		};
/* End XCBuildConfiguration section */

/* Begin XCConfigurationList section */
		149614C5288AA68A003E7396 /* Build configuration list for PBXProject "CodeEden" */ = {
			isa = XCConfigurationList;
			buildConfigurations = (
				149614DB288AA68B003E7396 /* Debug */,
				149614DC288AA68B003E7396 /* Release */,
			);
			defaultConfigurationIsVisible = 0;
			defaultConfigurationName = Release;
		};
		149614DD288AA68B003E7396 /* Build configuration list for PBXNativeTarget "CodeEden" */ = {
			isa = XCConfigurationList;
			buildConfigurations = (
				149614DE288AA68B003E7396 /* Debug */,
				149614DF288AA68B003E7396 /* Release */,
			);
			defaultConfigurationIsVisible = 0;
			defaultConfigurationName = Release;
		};
/* End XCConfigurationList section */
	};
	rootObject = 149614C2288AA68A003E7396 /* Project object */;
}
