// !$*UTF8*$!
{
	archiveVersion = 1;
	classes = {
	};
	objectVersion = 55;
	objects = {

/* Begin PBXBuildFile section */
		149614CE288AA68A003E7396 /* CodeEdenApp.swift in Sources */ = {isa = PBXBuildFile; fileRef = 149614CD288AA68A003E7396 /* CodeEdenApp.swift */; };
		149614D0288AA68A003E7396 /* ContentView.swift in Sources */ = {isa = PBXBuildFile; fileRef = 149614CF288AA68A003E7396 /* ContentView.swift */; };
		149614D2288AA68B003E7396 /* Assets.xcassets in Resources */ = {isa = PBXBuildFile; fileRef = 149614D1288AA68B003E7396 /* Assets.xcassets */; };
		149614D5288AA68B003E7396 /* Preview Assets.xcassets in Resources */ = {isa = PBXBuildFile; fileRef = 149614D4288AA68B003E7396 /* Preview Assets.xcassets */; };
		149614D7288AA68B003E7396 /* Persistence.swift in Sources */ = {isa = PBXBuildFile; fileRef = 149614D6288AA68B003E7396 /* Persistence.swift */; };
		149614DA288AA68B003E7396 /* CodeEden.xcdatamodeld in Sources */ = {isa = PBXBuildFile; fileRef = 149614D8288AA68B003E7396 /* CodeEden.xcdatamodeld */; };
		149614E1288AAA11003E7396 /* Art.scnassets in Resources */ = {isa = PBXBuildFile; fileRef = 149614E0288AAA11003E7396 /* Art.scnassets */; };
/* End PBXBuildFile section */

/* Begin PBXFileReference section */
		149614CA288AA68A003E7396 /* CodeEden.app */ = {isa = PBXFileReference; explicitFileType = wrapper.application; includeInIndex = 0; path = CodeEden.app; sourceTree = BUILT_PRODUCTS_DIR; };
		149614CD288AA68A003E7396 /* CodeEdenApp.swift */ = {isa = PBXFileReference; lastKnownFileType = sourcecode.swift; path = CodeEdenApp.swift; sourceTree = "<group>"; };
		149614CF288AA68A003E7396 /* ContentView.swift */ = {isa = PBXFileReference; lastKnownFileType = sourcecode.swift; path = ContentView.swift; sourceTree = "<group>"; };
		149614D1288AA68B003E7396 /* Assets.xcassets */ = {isa = PBXFileReference; lastKnownFileType = folder.assetcatalog; path = Assets.xcassets; sourceTree = "<group>"; };
		149614D4288AA68B003E7396 /* Preview Assets.xcassets */ = {isa = PBXFileReference; lastKnownFileType = folder.assetcatalog; path = "Preview Assets.xcassets"; sourceTree = "<group>"; };
		149614D6288AA68B003E7396 /* Persistence.swift */ = {isa = PBXFileReference; lastKnownFileType = sourcecode.swift; path = Persistence.swift; sourceTree = "<group>"; };
		149614D9288AA68B003E7396 /* CodeEden.xcdatamodel */ = {isa = PBXFileReference; lastKnownFileType = wrapper.xcdatamodel; path = CodeEden.xcdatamodel; sourceTree = "<group>"; };
		149614E0288AAA11003E7396 /* Art.scnassets */ = {isa = PBXFileReference; lastKnownFileType = wrapper.scnassets; path = Art.scnassets; sourceTree = "<group>"; };
/* End PBXFileReference section */

/* Begin PBXFrameworksBuildPhase section */
		149614C7288AA68A003E7396 /* Frameworks */ = {
			isa = PBXFrameworksBuildPhase;
			buildActionMask = 2147483647;
			files = (
			);
			runOnlyForDeploymentPostprocessing = 0;
		};
/* End PBXFrameworksBuildPhase section */

/* Begin PBXGroup section */
		149614C1288AA68A003E7396 = {
			isa = PBXGroup;
			children = (
				149614CC288AA68A003E7396 /* CodeEden */,
				149614CB288AA68A003E7396 /* Products */,
			);
			sourceTree = "<group>";
		};
		149614CB288AA68A003E7396 /* Products */ = {
			isa = PBXGroup;
			children = (
				149614CA288AA68A003E7396 /* CodeEden.app */,
			);
			name = Products;
			sourceTree = "<group>";
		};
		149614CC288AA68A003E7396 /* CodeEden */ = {
			isa = PBXGroup;
			children = (
				149614CD288AA68A003E7396 /* CodeEdenApp.swift */,
				149614CF288AA68A003E7396 /* ContentView.swift */,
				149614D1288AA68B003E7396 /* Assets.xcassets */,
				149614D6288AA68B003E7396 /* Persistence.swift */,
				149614D8288AA68B003E7396 /* CodeEden.xcdatamodeld */,
				149614E0288AAA11003E7396 /* Art.scnassets */,
				149614D3288AA68B003E7396 /* Preview Content */,
			);
			path = CodeEden;
			sourceTree = "<group>";
		};
		149614D3288AA68B003E7396 /* Preview Content */ = {
			isa = PBXGroup;
			children = (
				149614D4288AA68B003E7396 /* Preview Assets.xcassets */,
			);
			path = "Preview Content";
			sourceTree = "<group>";
		};
/* End PBXGroup section */

/* Begin PBXNativeTarget section */
		149614C9288AA68A003E7396 /* CodeEden */ = {
			isa = PBXNativeTarget;
			buildConfigurationList = 149614DD288AA68B003E7396 /* Build configuration list for PBXNativeTarget "CodeEden" */;
			buildPhases = (
				149614C6288AA68A003E7396 /* Sources */,
				149614C7288AA68A003E7396 /* Frameworks */,
				149614C8288AA68A003E7396 /* Resources */,
			);
			buildRules = (
			);
			dependencies = (
			);
			name = CodeEden;
			productName = CodeEden;
			productReference = 149614CA288AA68A003E7396 /* CodeEden.app */;
			productType = "com.apple.product-type.application";
		};
/* End PBXNativeTarget section */

/* Begin PBXProject section */
		149614C2288AA68A003E7396 /* Project object */ = {
			isa = PBXProject;
			attributes = {
				BuildIndependentTargetsInParallel = 1;
				LastSwiftUpdateCheck = 1340;
				LastUpgradeCheck = 1340;
				TargetAttributes = {
					149614C9288AA68A003E7396 = {
						CreatedOnToolsVersion = 13.4.1;
					};
				};
			};
			buildConfigurationList = 149614C5288AA68A003E7396 /* Build configuration list for PBXProject "CodeEden" */;
			compatibilityVersion = "Xcode 13.0";
			developmentRegion = en;
			hasScannedForEncodings = 0;
			knownRegions = (
				en,
				Base,
			);
			mainGroup = 149614C1288AA68A003E7396;
			productRefGroup = 149614CB288AA68A003E7396 /* Products */;
			projectDirPath = "";
			projectRoot = "";
			targets = (
				149614C9288AA68A003E7396 /* CodeEden */,
			);
		};
/* End PBXProject section */

/* Begin PBXResourcesBuildPhase section */
		149614C8288AA68A003E7396 /* Resources */ = {
			isa = PBXResourcesBuildPhase;
			buildActionMask = 2147483647;
			files = (
				149614D5288AA68B003E7396 /* Preview Assets.xcassets in Resources */,
				149614D2288AA68B003E7396 /* Assets.xcassets in Resources */,
				149614E1288AAA11003E7396 /* Art.scnassets in Resources */,
			);
			runOnlyForDeploymentPostprocessing = 0;
		};
/* End PBXResourcesBuildPhase section */

/* Begin PBXSourcesBuildPhase section */
		149614C6288AA68A003E7396 /* Sources */ = {
			isa = PBXSourcesBuildPhase;
			buildActionMask = 2147483647;
			files = (
				149614DA288AA68B003E7396 /* CodeEden.xcdatamodeld in Sources */,
				149614D7288AA68B003E7396 /* Persistence.swift in Sources */,
				149614D0288AA68A003E7396 /* ContentView.swift in Sources */,
				149614CE288AA68A003E7396 /* CodeEdenApp.swift in Sources */,
			);
			runOnlyForDeploymentPostprocessing = 0;
		};
/* End PBXSourcesBuildPhase section */

/* Begin XCBuildConfiguration section */
		149614DB288AA68B003E7396 /* Debug */ = {
			isa = XCBuildConfiguration;
			buildSettings = {
				ALWAYS_SEARCH_USER_PATHS = NO;
				CLANG_ANALYZER_NONNULL = YES;
				CLANG_ANALYZER_NUMBER_OBJECT_CONVERSION = YES_AGGRESSIVE;
				CLANG_CXX_LANGUAGE_STANDARD = "gnu++17";
				CLANG_ENABLE_MODULES = YES;
				CLANG_ENABLE_OBJC_ARC = YES;
				CLANG_ENABLE_OBJC_WEAK = YES;
				CLANG_WARN_BLOCK_CAPTURE_AUTORELEASING = YES;
				CLANG_WARN_BOOL_CONVERSION = YES;
				CLANG_WARN_COMMA = YES;
				CLANG_WARN_CONSTANT_CONVERSION = YES;
				CLANG_WARN_DEPRECATED_OBJC_IMPLEMENTATIONS = YES;
				CLANG_WARN_DIRECT_OBJC_ISA_USAGE = YES_ERROR;
				CLANG_WARN_DOCUMENTATION_COMMENTS = YES;
				CLANG_WARN_EMPTY_BODY = YES;
				CLANG_WARN_ENUM_CONVERSION = YES;
				CLANG_WARN_INFINITE_RECURSION = YES;
				CLANG_WARN_INT_CONVERSION = YES;
				CLANG_WARN_NON_LITERAL_NULL_CONVERSION = YES;
				CLANG_WARN_OBJC_IMPLICIT_RETAIN_SELF = YES;
				CLANG_WARN_OBJC_LITERAL_CONVERSION = YES;
				CLANG_WARN_OBJC_ROOT_CLASS = YES_ERROR;
				CLANG_WARN_QUOTED_INCLUDE_IN_FRAMEWORK_HEADER = YES;
				CLANG_WARN_RANGE_LOOP_ANALYSIS = YES;
				CLANG_WARN_STRICT_PROTOTYPES = YES;
				CLANG_WARN_SUSPICIOUS_MOVE = YES;
				CLANG_WARN_UNGUARDED_AVAILABILITY = YES_AGGRESSIVE;
				CLANG_WARN_UNREACHABLE_CODE = YES;
				CLANG_WARN__DUPLICATE_METHOD_MATCH = YES;
				COPY_PHASE_STRIP = NO;
				DEBUG_INFORMATION_FORMAT = dwarf;
				ENABLE_STRICT_OBJC_MSGSEND = YES;
				ENABLE_TESTABILITY = YES;
				GCC_C_LANGUAGE_STANDARD = gnu11;
				GCC_DYNAMIC_NO_PIC = NO;
				GCC_NO_COMMON_BLOCKS = YES;
				GCC_OPTIMIZATION_LEVEL = 0;
				GCC_PREPROCESSOR_DEFINITIONS = (
					"DEBUG=1",
					"$(inherited)",
				);
				GCC_WARN_64_TO_32_BIT_CONVERSION = YES;
				GCC_WARN_ABOUT_RETURN_TYPE = YES_ERROR;
				GCC_WARN_UNDECLARED_SELECTOR = YES;
				GCC_WARN_UNINITIALIZED_AUTOS = YES_AGGRESSIVE;
				GCC_WARN_UNUSED_FUNCTION = YES;
				GCC_WARN_UNUSED_VARIABLE = YES;
				IPHONEOS_DEPLOYMENT_TARGET = 15.5;
				MTL_ENABLE_DEBUG_INFO = INCLUDE_SOURCE;
				MTL_FAST_MATH = YES;
				ONLY_ACTIVE_ARCH = YES;
				SDKROOT = iphoneos;
				SWIFT_ACTIVE_COMPILATION_CONDITIONS = DEBUG;
				SWIFT_OPTIMIZATION_LEVEL = "-Onone";
			};
			name = Debug;
		};
		149614DC288AA68B003E7396 /* Release */ = {
			isa = XCBuildConfiguration;
			buildSettings = {
				ALWAYS_SEARCH_USER_PATHS = NO;
				CLANG_ANALYZER_NONNULL = YES;
				CLANG_ANALYZER_NUMBER_OBJECT_CONVERSION = YES_AGGRESSIVE;
				CLANG_CXX_LANGUAGE_STANDARD = "gnu++17";
				CLANG_ENABLE_MODULES = YES;
				CLANG_ENABLE_OBJC_ARC = YES;
				CLANG_ENABLE_OBJC_WEAK = YES;
				CLANG_WARN_BLOCK_CAPTURE_AUTORELEASING = YES;
				CLANG_WARN_BOOL_CONVERSION = YES;
				CLANG_WARN_COMMA = YES;
				CLANG_WARN_CONSTANT_CONVERSION = YES;
				CLANG_WARN_DEPRECATED_OBJC_IMPLEMENTATIONS = YES;
				CLANG_WARN_DIRECT_OBJC_ISA_USAGE = YES_ERROR;
				CLANG_WARN_DOCUMENTATION_COMMENTS = YES;
				CLANG_WARN_EMPTY_BODY = YES;
				CLANG_WARN_ENUM_CONVERSION = YES;
				CLANG_WARN_INFINITE_RECURSION = YES;
				CLANG_WARN_INT_CONVERSION = YES;
				CLANG_WARN_NON_LITERAL_NULL_CONVERSION = YES;
				CLANG_WARN_OBJC_IMPLICIT_RETAIN_SELF = YES;
				CLANG_WARN_OBJC_LITERAL_CONVERSION = YES;
				CLANG_WARN_OBJC_ROOT_CLASS = YES_ERROR;
				CLANG_WARN_QUOTED_INCLUDE_IN_FRAMEWORK_HEADER = YES;
				CLANG_WARN_RANGE_LOOP_ANALYSIS = YES;
				CLANG_WARN_STRICT_PROTOTYPES = YES;
				CLANG_WARN_SUSPICIOUS_MOVE = YES;
				CLANG_WARN_UNGUARDED_AVAILABILITY = YES_AGGRESSIVE;
				CLANG_WARN_UNREACHABLE_CODE = YES;
				CLANG_WARN__DUPLICATE_METHOD_MATCH = YES;
				COPY_PHASE_STRIP = NO;
				DEBUG_INFORMATION_FORMAT = "dwarf-with-dsym";
				ENABLE_NS_ASSERTIONS = NO;
				ENABLE_STRICT_OBJC_MSGSEND = YES;
				GCC_C_LANGUAGE_STANDARD = gnu11;
				GCC_NO_COMMON_BLOCKS = YES;
				GCC_WARN_64_TO_32_BIT_CONVERSION = YES;
				GCC_WARN_ABOUT_RETURN_TYPE = YES_ERROR;
				GCC_WARN_UNDECLARED_SELECTOR = YES;
				GCC_WARN_UNINITIALIZED_AUTOS = YES_AGGRESSIVE;
				GCC_WARN_UNUSED_FUNCTION = YES;
				GCC_WARN_UNUSED_VARIABLE = YES;
				IPHONEOS_DEPLOYMENT_TARGET = 15.5;
				MTL_ENABLE_DEBUG_INFO = NO;
				MTL_FAST_MATH = YES;
				SDKROOT = iphoneos;
				SWIFT_COMPILATION_MODE = wholemodule;
				SWIFT_OPTIMIZATION_LEVEL = "-O";
				VALIDATE_PRODUCT = YES;
			};
			name = Release;
		};
		149614DE288AA68B003E7396 /* Debug */ = {
			isa = XCBuildConfiguration;
			buildSettings = {
				ASSETCATALOG_COMPILER_APPICON_NAME = AppIcon;
				ASSETCATALOG_COMPILER_GLOBAL_ACCENT_COLOR_NAME = AccentColor;
				CODE_SIGN_STYLE = Automatic;
				CURRENT_PROJECT_VERSION = 1;
				DEVELOPMENT_ASSET_PATHS = "\"CodeEden/Preview Content\"";
				DEVELOPMENT_TEAM = 4C96B7697Z;
				ENABLE_PREVIEWS = YES;
				GENERATE_INFOPLIST_FILE = YES;
				INFOPLIST_KEY_UIApplicationSceneManifest_Generation = YES;
				INFOPLIST_KEY_UIApplicationSupportsIndirectInputEvents = YES;
				INFOPLIST_KEY_UILaunchScreen_Generation = YES;
				INFOPLIST_KEY_UISupportedInterfaceOrientations_iPad = "UIInterfaceOrientationPortrait UIInterfaceOrientationPortraitUpsideDown UIInterfaceOrientationLandscapeLeft UIInterfaceOrientationLandscapeRight";
				INFOPLIST_KEY_UISupportedInterfaceOrientations_iPhone = "UIInterfaceOrientationPortrait UIInterfaceOrientationLandscapeLeft UIInterfaceOrientationLandscapeRight";
				LD_RUNPATH_SEARCH_PATHS = (
					"$(inherited)",
					"@executable_path/Frameworks",
				);
				MARKETING_VERSION = 1.0;
				PRODUCT_BUNDLE_IDENTIFIER = com.ada.CodeEden;
				PRODUCT_NAME = "$(TARGET_NAME)";
				SWIFT_EMIT_LOC_STRINGS = YES;
				SWIFT_VERSION = 5.0;
				TARGETED_DEVICE_FAMILY = "1,2";
			};
			name = Debug;
		};
		149614DF288AA68B003E7396 /* Release */ = {
			isa = XCBuildConfiguration;
			buildSettings = {
				ASSETCATALOG_COMPILER_APPICON_NAME = AppIcon;
				ASSETCATALOG_COMPILER_GLOBAL_ACCENT_COLOR_NAME = AccentColor;
				CODE_SIGN_STYLE = Automatic;
				CURRENT_PROJECT_VERSION = 1;
				DEVELOPMENT_ASSET_PATHS = "\"CodeEden/Preview Content\"";
				DEVELOPMENT_TEAM = 4C96B7697Z;
				ENABLE_PREVIEWS = YES;
				GENERATE_INFOPLIST_FILE = YES;
				INFOPLIST_KEY_UIApplicationSceneManifest_Generation = YES;
				INFOPLIST_KEY_UIApplicationSupportsIndirectInputEvents = YES;
				INFOPLIST_KEY_UILaunchScreen_Generation = YES;
				INFOPLIST_KEY_UISupportedInterfaceOrientations_iPad = "UIInterfaceOrientationPortrait UIInterfaceOrientationPortraitUpsideDown UIInterfaceOrientationLandscapeLeft UIInterfaceOrientationLandscapeRight";
				INFOPLIST_KEY_UISupportedInterfaceOrientations_iPhone = "UIInterfaceOrientationPortrait UIInterfaceOrientationLandscapeLeft UIInterfaceOrientationLandscapeRight";
				LD_RUNPATH_SEARCH_PATHS = (
					"$(inherited)",
					"@executable_path/Frameworks",
				);
				MARKETING_VERSION = 1.0;
				PRODUCT_BUNDLE_IDENTIFIER = com.ada.CodeEden;
				PRODUCT_NAME = "$(TARGET_NAME)";
				SWIFT_EMIT_LOC_STRINGS = YES;
				SWIFT_VERSION = 5.0;
				TARGETED_DEVICE_FAMILY = "1,2";
			};
			name = Release;
		};
/* End XCBuildConfiguration section */

/* Begin XCConfigurationList section */
		149614C5288AA68A003E7396 /* Build configuration list for PBXProject "CodeEden" */ = {
			isa = XCConfigurationList;
			buildConfigurations = (
				149614DB288AA68B003E7396 /* Debug */,
				149614DC288AA68B003E7396 /* Release */,
			);
			defaultConfigurationIsVisible = 0;
			defaultConfigurationName = Release;
		};
		149614DD288AA68B003E7396 /* Build configuration list for PBXNativeTarget "CodeEden" */ = {
			isa = XCConfigurationList;
			buildConfigurations = (
				149614DE288AA68B003E7396 /* Debug */,
				149614DF288AA68B003E7396 /* Release */,
			);
			defaultConfigurationIsVisible = 0;
			defaultConfigurationName = Release;
		};
/* End XCConfigurationList section */

/* Begin XCVersionGroup section */
		149614D8288AA68B003E7396 /* CodeEden.xcdatamodeld */ = {
			isa = XCVersionGroup;
			children = (
				149614D9288AA68B003E7396 /* CodeEden.xcdatamodel */,
			);
			currentVersion = 149614D9288AA68B003E7396 /* CodeEden.xcdatamodel */;
			path = CodeEden.xcdatamodeld;
			sourceTree = "<group>";
			versionGroupType = wrapper.xcdatamodel;
		};
/* End XCVersionGroup section */
	};
	rootObject = 149614C2288AA68A003E7396 /* Project object */;
}
